
Microsoft Visual Studio Solution File, Format Version 12.00
# Visual Studio Version 17
VisualStudioVersion = 17.0.32014.148
MinimumVisualStudioVersion = 10.0.40219.1
Project("{FAE04EC0-301F-11D3-BF4B-00C04F79EFBC}") = "LinkedList", "LinkedList.csproj", "{43E94080-E214-4A57-B475-65A24F005DDA}"
EndProject
Global
	GlobalSection(SolutionConfigurationPlatforms) = preSolution
		Debug|Any CPU = Debug|Any CPU
		Release|Any CPU = Release|Any CPU
	EndGlobalSection
	GlobalSection(ProjectConfigurationPlatforms) = postSolution
		{43E94080-E214-4A57-B475-65A24F005DDA}.Debug|Any CPU.ActiveCfg = Debug|Any CPU
		{43E94080-E214-4A57-B475-65A24F005DDA}.Debug|Any CPU.Build.0 = Debug|Any CPU
		{43E94080-E214-4A57-B475-65A24F005DDA}.Release|Any CPU.ActiveCfg = Release|Any CPU
		{43E94080-E214-4A57-B475-65A24F005DDA}.Release|Any CPU.Build.0 = Release|Any CPU
	EndGlobalSection
	GlobalSection(SolutionProperties) = preSolution
		HideSolutionNode = FALSE
	EndGlobalSection
	GlobalSection(ExtensibilityGlobals) = postSolution
		SolutionGuid = {7566E8A4-59FC-4959-A747-5877DE1EE752}
	EndGlobalSection
EndGlobal
